// !$*UTF8*$!
{
	archiveVersion = 1;
	classes = {
	};
	objectVersion = 50;
	objects = {

/* Begin PBXBuildFile section */
		B396B1F125BA6962004E9551 /* weatherDaily.swift in Sources */ = {isa = PBXBuildFile; fileRef = B396B1F025BA6962004E9551 /* weatherDaily.swift */; };
		B396B1F425BA6A3A004E9551 /* weatherHour.swift in Sources */ = {isa = PBXBuildFile; fileRef = B396B1F325BA6A3A004E9551 /* weatherHour.swift */; };
		B39EE4C125B7A8510079D277 /* xWeatherApp.swift in Sources */ = {isa = PBXBuildFile; fileRef = B39EE4C025B7A8510079D277 /* xWeatherApp.swift */; };
		B39EE4C325B7A8510079D277 /* ContentView.swift in Sources */ = {isa = PBXBuildFile; fileRef = B39EE4C225B7A8510079D277 /* ContentView.swift */; };
		B39EE4C525B7A8540079D277 /* Assets.xcassets in Resources */ = {isa = PBXBuildFile; fileRef = B39EE4C425B7A8540079D277 /* Assets.xcassets */; };
		B39EE4C825B7A8540079D277 /* Preview Assets.xcassets in Resources */ = {isa = PBXBuildFile; fileRef = B39EE4C725B7A8540079D277 /* Preview Assets.xcassets */; };
		B39EE4D125B7A86A0079D277 /* externalManager.swift in Sources */ = {isa = PBXBuildFile; fileRef = B39EE4D025B7A86A0079D277 /* externalManager.swift */; };
/* End PBXBuildFile section */

/* Begin PBXFileReference section */
		B396B1F025BA6962004E9551 /* weatherDaily.swift */ = {isa = PBXFileReference; lastKnownFileType = sourcecode.swift; path = weatherDaily.swift; sourceTree = "<group>"; };
		B396B1F325BA6A3A004E9551 /* weatherHour.swift */ = {isa = PBXFileReference; lastKnownFileType = sourcecode.swift; path = weatherHour.swift; sourceTree = "<group>"; };
		B39EE4BD25B7A8510079D277 /* xWeather.app */ = {isa = PBXFileReference; explicitFileType = wrapper.application; includeInIndex = 0; path = xWeather.app; sourceTree = BUILT_PRODUCTS_DIR; };
		B39EE4C025B7A8510079D277 /* xWeatherApp.swift */ = {isa = PBXFileReference; lastKnownFileType = sourcecode.swift; path = xWeatherApp.swift; sourceTree = "<group>"; };
		B39EE4C225B7A8510079D277 /* ContentView.swift */ = {isa = PBXFileReference; lastKnownFileType = sourcecode.swift; path = ContentView.swift; sourceTree = "<group>"; };
		B39EE4C425B7A8540079D277 /* Assets.xcassets */ = {isa = PBXFileReference; lastKnownFileType = folder.assetcatalog; path = Assets.xcassets; sourceTree = "<group>"; };
		B39EE4C725B7A8540079D277 /* Preview Assets.xcassets */ = {isa = PBXFileReference; lastKnownFileType = folder.assetcatalog; path = "Preview Assets.xcassets"; sourceTree = "<group>"; };
		B39EE4C925B7A8540079D277 /* Info.plist */ = {isa = PBXFileReference; lastKnownFileType = text.plist.xml; path = Info.plist; sourceTree = "<group>"; };
		B39EE4D025B7A86A0079D277 /* externalManager.swift */ = {isa = PBXFileReference; lastKnownFileType = sourcecode.swift; path = externalManager.swift; sourceTree = "<group>"; };
/* End PBXFileReference section */

/* Begin PBXFrameworksBuildPhase section */
		B39EE4BA25B7A8510079D277 /* Frameworks */ = {
			isa = PBXFrameworksBuildPhase;
			buildActionMask = 2147483647;
			files = (
			);
			runOnlyForDeploymentPostprocessing = 0;
		};
/* End PBXFrameworksBuildPhase section */

/* Begin PBXGroup section */
		B396B1EF25BA6951004E9551 /* Weather Classes */ = {
			isa = PBXGroup;
			children = (
				B396B1F025BA6962004E9551 /* weatherDaily.swift */,
				B396B1F325BA6A3A004E9551 /* weatherHour.swift */,
			);
			path = "Weather Classes";
			sourceTree = "<group>";
		};
		B39EE4B425B7A8510079D277 = {
			isa = PBXGroup;
			children = (
				B396B1EF25BA6951004E9551 /* Weather Classes */,
				B39EE4D025B7A86A0079D277 /* externalManager.swift */,
				B39EE4BF25B7A8510079D277 /* xWeather */,
				B39EE4BE25B7A8510079D277 /* Products */,
			);
			sourceTree = "<group>";
		};
		B39EE4BE25B7A8510079D277 /* Products */ = {
			isa = PBXGroup;
			children = (
				B39EE4BD25B7A8510079D277 /* xWeather.app */,
			);
			name = Products;
			sourceTree = "<group>";
		};
		B39EE4BF25B7A8510079D277 /* xWeather */ = {
			isa = PBXGroup;
			children = (
				B39EE4C025B7A8510079D277 /* xWeatherApp.swift */,
				B39EE4C225B7A8510079D277 /* ContentView.swift */,
				B39EE4C425B7A8540079D277 /* Assets.xcassets */,
				B39EE4C925B7A8540079D277 /* Info.plist */,
				B39EE4C625B7A8540079D277 /* Preview Content */,
			);
			path = xWeather;
			sourceTree = "<group>";
		};
		B39EE4C625B7A8540079D277 /* Preview Content */ = {
			isa = PBXGroup;
			children = (
				B39EE4C725B7A8540079D277 /* Preview Assets.xcassets */,
			);
			path = "Preview Content";
			sourceTree = "<group>";
		};
/* End PBXGroup section */

/* Begin PBXNativeTarget section */
		B39EE4BC25B7A8510079D277 /* xWeather */ = {
			isa = PBXNativeTarget;
			buildConfigurationList = B39EE4CC25B7A8540079D277 /* Build configuration list for PBXNativeTarget "xWeather" */;
			buildPhases = (
				B39EE4B925B7A8510079D277 /* Sources */,
				B39EE4BA25B7A8510079D277 /* Frameworks */,
				B39EE4BB25B7A8510079D277 /* Resources */,
			);
			buildRules = (
			);
			dependencies = (
			);
			name = xWeather;
			productName = xWeather;
			productReference = B39EE4BD25B7A8510079D277 /* xWeather.app */;
			productType = "com.apple.product-type.application";
		};
/* End PBXNativeTarget section */

/* Begin PBXProject section */
		B39EE4B525B7A8510079D277 /* Project object */ = {
			isa = PBXProject;
			attributes = {
				LastSwiftUpdateCheck = 1230;
				LastUpgradeCheck = 1230;
				TargetAttributes = {
					B39EE4BC25B7A8510079D277 = {
						CreatedOnToolsVersion = 12.3;
					};
				};
			};
			buildConfigurationList = B39EE4B825B7A8510079D277 /* Build configuration list for PBXProject "xWeather" */;
			compatibilityVersion = "Xcode 9.3";
			developmentRegion = en;
			hasScannedForEncodings = 0;
			knownRegions = (
				en,
				Base,
			);
			mainGroup = B39EE4B425B7A8510079D277;
			productRefGroup = B39EE4BE25B7A8510079D277 /* Products */;
			projectDirPath = "";
			projectRoot = "";
			targets = (
				B39EE4BC25B7A8510079D277 /* xWeather */,
			);
		};
/* End PBXProject section */

/* Begin PBXResourcesBuildPhase section */
		B39EE4BB25B7A8510079D277 /* Resources */ = {
			isa = PBXResourcesBuildPhase;
			buildActionMask = 2147483647;
			files = (
				B39EE4C825B7A8540079D277 /* Preview Assets.xcassets in Resources */,
				B39EE4C525B7A8540079D277 /* Assets.xcassets in Resources */,
			);
			runOnlyForDeploymentPostprocessing = 0;
		};
/* End PBXResourcesBuildPhase section */

/* Begin PBXSourcesBuildPhase section */
		B39EE4B925B7A8510079D277 /* Sources */ = {
			isa = PBXSourcesBuildPhase;
			buildActionMask = 2147483647;
			files = (
				B396B1F125BA6962004E9551 /* weatherDaily.swift in Sources */,
				B39EE4D125B7A86A0079D277 /* externalManager.swift in Sources */,
				B39EE4C325B7A8510079D277 /* ContentView.swift in Sources */,
				B39EE4C125B7A8510079D277 /* xWeatherApp.swift in Sources */,
				B396B1F425BA6A3A004E9551 /* weatherHour.swift in Sources */,
			);
			runOnlyForDeploymentPostprocessing = 0;
		};
/* End PBXSourcesBuildPhase section */

/* Begin XCBuildConfiguration section */
		B39EE4CA25B7A8540079D277 /* Debug */ = {
			isa = XCBuildConfiguration;
			buildSettings = {
				ALWAYS_SEARCH_USER_PATHS = NO;
				CLANG_ANALYZER_NONNULL = YES;
				CLANG_ANALYZER_NUMBER_OBJECT_CONVERSION = YES_AGGRESSIVE;
				CLANG_CXX_LANGUAGE_STANDARD = "gnu++14";
				CLANG_CXX_LIBRARY = "libc++";
				CLANG_ENABLE_MODULES = YES;
				CLANG_ENABLE_OBJC_ARC = YES;
				CLANG_ENABLE_OBJC_WEAK = YES;
				CLANG_WARN_BLOCK_CAPTURE_AUTORELEASING = YES;
				CLANG_WARN_BOOL_CONVERSION = YES;
				CLANG_WARN_COMMA = YES;
				CLANG_WARN_CONSTANT_CONVERSION = YES;
				CLANG_WARN_DEPRECATED_OBJC_IMPLEMENTATIONS = YES;
				CLANG_WARN_DIRECT_OBJC_ISA_USAGE = YES_ERROR;
				CLANG_WARN_DOCUMENTATION_COMMENTS = YES;
				CLANG_WARN_EMPTY_BODY = YES;
				CLANG_WARN_ENUM_CONVERSION = YES;
				CLANG_WARN_INFINITE_RECURSION = YES;
				CLANG_WARN_INT_CONVERSION = YES;
				CLANG_WARN_NON_LITERAL_NULL_CONVERSION = YES;
				CLANG_WARN_OBJC_IMPLICIT_RETAIN_SELF = YES;
				CLANG_WARN_OBJC_LITERAL_CONVERSION = YES;
				CLANG_WARN_OBJC_ROOT_CLASS = YES_ERROR;
				CLANG_WARN_QUOTED_INCLUDE_IN_FRAMEWORK_HEADER = YES;
				CLANG_WARN_RANGE_LOOP_ANALYSIS = YES;
				CLANG_WARN_STRICT_PROTOTYPES = YES;
				CLANG_WARN_SUSPICIOUS_MOVE = YES;
				CLANG_WARN_UNGUARDED_AVAILABILITY = YES_AGGRESSIVE;
				CLANG_WARN_UNREACHABLE_CODE = YES;
				CLANG_WARN__DUPLICATE_METHOD_MATCH = YES;
				COPY_PHASE_STRIP = NO;
				DEBUG_INFORMATION_FORMAT = dwarf;
				ENABLE_STRICT_OBJC_MSGSEND = YES;
				ENABLE_TESTABILITY = YES;
				GCC_C_LANGUAGE_STANDARD = gnu11;
				GCC_DYNAMIC_NO_PIC = NO;
				GCC_NO_COMMON_BLOCKS = YES;
				GCC_OPTIMIZATION_LEVEL = 0;
				GCC_PREPROCESSOR_DEFINITIONS = (
					"DEBUG=1",
					"$(inherited)",
				);
				GCC_WARN_64_TO_32_BIT_CONVERSION = YES;
				GCC_WARN_ABOUT_RETURN_TYPE = YES_ERROR;
				GCC_WARN_UNDECLARED_SELECTOR = YES;
				GCC_WARN_UNINITIALIZED_AUTOS = YES_AGGRESSIVE;
				GCC_WARN_UNUSED_FUNCTION = YES;
				GCC_WARN_UNUSED_VARIABLE = YES;
				IPHONEOS_DEPLOYMENT_TARGET = 14.3;
				MTL_ENABLE_DEBUG_INFO = INCLUDE_SOURCE;
				MTL_FAST_MATH = YES;
				ONLY_ACTIVE_ARCH = YES;
				SDKROOT = iphoneos;
				SWIFT_ACTIVE_COMPILATION_CONDITIONS = DEBUG;
				SWIFT_OPTIMIZATION_LEVEL = "-Onone";
			};
			name = Debug;
		};
		B39EE4CB25B7A8540079D277 /* Release */ = {
			isa = XCBuildConfiguration;
			buildSettings = {
				ALWAYS_SEARCH_USER_PATHS = NO;
				CLANG_ANALYZER_NONNULL = YES;
				CLANG_ANALYZER_NUMBER_OBJECT_CONVERSION = YES_AGGRESSIVE;
				CLANG_CXX_LANGUAGE_STANDARD = "gnu++14";
				CLANG_CXX_LIBRARY = "libc++";
				CLANG_ENABLE_MODULES = YES;
				CLANG_ENABLE_OBJC_ARC = YES;
				CLANG_ENABLE_OBJC_WEAK = YES;
				CLANG_WARN_BLOCK_CAPTURE_AUTORELEASING = YES;
				CLANG_WARN_BOOL_CONVERSION = YES;
				CLANG_WARN_COMMA = YES;
				CLANG_WARN_CONSTANT_CONVERSION = YES;
				CLANG_WARN_DEPRECATED_OBJC_IMPLEMENTATIONS = YES;
				CLANG_WARN_DIRECT_OBJC_ISA_USAGE = YES_ERROR;
				CLANG_WARN_DOCUMENTATION_COMMENTS = YES;
				CLANG_WARN_EMPTY_BODY = YES;
				CLANG_WARN_ENUM_CONVERSION = YES;
				CLANG_WARN_INFINITE_RECURSION = YES;
				CLANG_WARN_INT_CONVERSION = YES;
				CLANG_WARN_NON_LITERAL_NULL_CONVERSION = YES;
				CLANG_WARN_OBJC_IMPLICIT_RETAIN_SELF = YES;
				CLANG_WARN_OBJC_LITERAL_CONVERSION = YES;
				CLANG_WARN_OBJC_ROOT_CLASS = YES_ERROR;
				CLANG_WARN_QUOTED_INCLUDE_IN_FRAMEWORK_HEADER = YES;
				CLANG_WARN_RANGE_LOOP_ANALYSIS = YES;
				CLANG_WARN_STRICT_PROTOTYPES = YES;
				CLANG_WARN_SUSPICIOUS_MOVE = YES;
				CLANG_WARN_UNGUARDED_AVAILABILITY = YES_AGGRESSIVE;
				CLANG_WARN_UNREACHABLE_CODE = YES;
				CLANG_WARN__DUPLICATE_METHOD_MATCH = YES;
				COPY_PHASE_STRIP = NO;
				DEBUG_INFORMATION_FORMAT = "dwarf-with-dsym";
				ENABLE_NS_ASSERTIONS = NO;
				ENABLE_STRICT_OBJC_MSGSEND = YES;
				GCC_C_LANGUAGE_STANDARD = gnu11;
				GCC_NO_COMMON_BLOCKS = YES;
				GCC_WARN_64_TO_32_BIT_CONVERSION = YES;
				GCC_WARN_ABOUT_RETURN_TYPE = YES_ERROR;
				GCC_WARN_UNDECLARED_SELECTOR = YES;
				GCC_WARN_UNINITIALIZED_AUTOS = YES_AGGRESSIVE;
				GCC_WARN_UNUSED_FUNCTION = YES;
				GCC_WARN_UNUSED_VARIABLE = YES;
				IPHONEOS_DEPLOYMENT_TARGET = 14.3;
				MTL_ENABLE_DEBUG_INFO = NO;
				MTL_FAST_MATH = YES;
				SDKROOT = iphoneos;
				SWIFT_COMPILATION_MODE = wholemodule;
				SWIFT_OPTIMIZATION_LEVEL = "-O";
				VALIDATE_PRODUCT = YES;
			};
			name = Release;
		};
		B39EE4CD25B7A8540079D277 /* Debug */ = {
			isa = XCBuildConfiguration;
			buildSettings = {
				ASSETCATALOG_COMPILER_APPICON_NAME = AppIcon;
				ASSETCATALOG_COMPILER_GLOBAL_ACCENT_COLOR_NAME = AccentColor;
				CODE_SIGN_STYLE = Automatic;
				DEVELOPMENT_ASSET_PATHS = "\"xWeather/Preview Content\"";
				DEVELOPMENT_TEAM = RVHY22KFW3;
				ENABLE_PREVIEWS = YES;
				INFOPLIST_FILE = xWeather/Info.plist;
				IPHONEOS_DEPLOYMENT_TARGET = 14.0;
				LD_RUNPATH_SEARCH_PATHS = (
					"$(inherited)",
					"@executable_path/Frameworks",
				);
				PRODUCT_BUNDLE_IDENTIFIER = com.sg.xWeather;
				PRODUCT_NAME = "$(TARGET_NAME)";
				SWIFT_VERSION = 5.0;
				TARGETED_DEVICE_FAMILY = "1,2";
			};
			name = Debug;
		};
		B39EE4CE25B7A8540079D277 /* Release */ = {
			isa = XCBuildConfiguration;
			buildSettings = {
				ASSETCATALOG_COMPILER_APPICON_NAME = AppIcon;
				ASSETCATALOG_COMPILER_GLOBAL_ACCENT_COLOR_NAME = AccentColor;
				CODE_SIGN_STYLE = Automatic;
				DEVELOPMENT_ASSET_PATHS = "\"xWeather/Preview Content\"";
				DEVELOPMENT_TEAM = RVHY22KFW3;
				ENABLE_PREVIEWS = YES;
				INFOPLIST_FILE = xWeather/Info.plist;
				IPHONEOS_DEPLOYMENT_TARGET = 14.0;
				LD_RUNPATH_SEARCH_PATHS = (
					"$(inherited)",
					"@executable_path/Frameworks",
				);
				PRODUCT_BUNDLE_IDENTIFIER = com.sg.xWeather;
				PRODUCT_NAME = "$(TARGET_NAME)";
				SWIFT_VERSION = 5.0;
				TARGETED_DEVICE_FAMILY = "1,2";
			};
			name = Release;
		};
/* End XCBuildConfiguration section */

/* Begin XCConfigurationList section */
		B39EE4B825B7A8510079D277 /* Build configuration list for PBXProject "xWeather" */ = {
			isa = XCConfigurationList;
			buildConfigurations = (
				B39EE4CA25B7A8540079D277 /* Debug */,
				B39EE4CB25B7A8540079D277 /* Release */,
			);
			defaultConfigurationIsVisible = 0;
			defaultConfigurationName = Release;
		};
		B39EE4CC25B7A8540079D277 /* Build configuration list for PBXNativeTarget "xWeather" */ = {
			isa = XCConfigurationList;
			buildConfigurations = (
				B39EE4CD25B7A8540079D277 /* Debug */,
				B39EE4CE25B7A8540079D277 /* Release */,
			);
			defaultConfigurationIsVisible = 0;
			defaultConfigurationName = Release;
		};
/* End XCConfigurationList section */
	};
	rootObject = B39EE4B525B7A8510079D277 /* Project object */;
}
